Microsoft Visual Studio Solution File, Format Version 12.00
# Visual Studio Version 17
VisualStudioVersion = 17.6.33424.188
MinimumVisualStudioVersion = 10.0.40219.1
Project("{FAE04EC0-301F-11D3-BF4B-00C04F79EFBC}") = "LibraryApp", "LibraryApp\LibraryApp.csproj", "{AEFAEFC4-B9D0-49A8-8C3B-E76B7A73B5C3}"
EndProject
Global
	GlobalSection(SolutionConfigurationPlatforms) = preSolution
		Debug|Any CPU = Debug|Any CPU
		Release|Any CPU = Release|Any CPU
	EndGlobalSection
	GlobalSection(ProjectConfigurationPlatforms) = postSolution
		{AEFAEFC4-B9D0-49A8-8C3B-E76B7A73B5C3}.Debug|Any CPU.ActiveCfg = Debug|Any CPU
		{AEFAEFC4-B9D0-49A8-8C3B-E76B7A73B5C3}.Debug|Any CPU.Build.0 = Debug|Any CPU
		{AEFAEFC4-B9D0-49A8-8C3B-E76B7A73B5C3}.Release|Any CPU.ActiveCfg = Release|Any CPU
		{AEFAEFC4-B9D0-49A8-8C3B-E76B7A73B5C3}.Release|Any CPU.Build.0 = Release|Any CPU
	EndGlobalSection
EndGlobal
