
Microsoft Visual Studio Solution File, Format Version 12.00
# Visual Studio Version 17
VisualStudioVersion = 17.14.36414.22 d17.14
MinimumVisualStudioVersion = 10.0.40219.1
Project("{FAE04EC0-301F-11D3-BF4B-00C04F79EFBC}") = "AgendaWinForms", "AgendaWinForms.csproj", "{2A0A36DE-1B23-45B0-8DC2-BC320EF94E62}"
EndProject
Global
	GlobalSection(SolutionConfigurationPlatforms) = preSolution
		Debug|Any CPU = Debug|Any CPU
		Release|Any CPU = Release|Any CPU
	EndGlobalSection
	GlobalSection(ProjectConfigurationPlatforms) = postSolution
		{2A0A36DE-1B23-45B0-8DC2-BC320EF94E62}.Debug|Any CPU.ActiveCfg = Debug|Any CPU
		{2A0A36DE-1B23-45B0-8DC2-BC320EF94E62}.Debug|Any CPU.Build.0 = Debug|Any CPU
		{2A0A36DE-1B23-45B0-8DC2-BC320EF94E62}.Release|Any CPU.ActiveCfg = Release|Any CPU
		{2A0A36DE-1B23-45B0-8DC2-BC320EF94E62}.Release|Any CPU.Build.0 = Release|Any CPU
	EndGlobalSection
	GlobalSection(SolutionProperties) = preSolution
		HideSolutionNode = FALSE
	EndGlobalSection
	GlobalSection(ExtensibilityGlobals) = postSolution
		SolutionGuid = {C9467356-AB80-408C-8826-F0A9F56E4A1A}
	EndGlobalSection
EndGlobal
