
Microsoft Visual Studio Solution File, Format Version 12.00
# Visual Studio Version 17
VisualStudioVersion = 17.14.36414.22 d17.14
MinimumVisualStudioVersion = 10.0.40219.1
Project("{FAE04EC0-301F-11D3-BF4B-00C04F79EFBC}") = "Transporte - Pilha", "Transporte - Pilha.csproj", "{0E7A2D28-2B32-4070-A18E-91535958404A}"
EndProject
Global
	GlobalSection(SolutionConfigurationPlatforms) = preSolution
		Debug|Any CPU = Debug|Any CPU
		Release|Any CPU = Release|Any CPU
	EndGlobalSection
	GlobalSection(ProjectConfigurationPlatforms) = postSolution
		{0E7A2D28-2B32-4070-A18E-91535958404A}.Debug|Any CPU.ActiveCfg = Debug|Any CPU
		{0E7A2D28-2B32-4070-A18E-91535958404A}.Debug|Any CPU.Build.0 = Debug|Any CPU
		{0E7A2D28-2B32-4070-A18E-91535958404A}.Release|Any CPU.ActiveCfg = Release|Any CPU
		{0E7A2D28-2B32-4070-A18E-91535958404A}.Release|Any CPU.Build.0 = Release|Any CPU
	EndGlobalSection
	GlobalSection(SolutionProperties) = preSolution
		HideSolutionNode = FALSE
	EndGlobalSection
	GlobalSection(ExtensibilityGlobals) = postSolution
		SolutionGuid = {0250322A-617E-41C3-972C-2FE1F99FF1D5}
	EndGlobalSection
EndGlobal
